
Microsoft Visual Studio Solution File, Format Version 12.00
# Visual Studio Version 16
VisualStudioVersion = 16.0.30104.148
MinimumVisualStudioVersion = 10.0.40219.1
Project("{FAE04EC0-301F-11D3-BF4B-00C04F79EFBC}") = "CourseLibrary.API", "CourseLibrary.API\CourseLibrary.API.csproj", "{B735BF69-213D-4BB4-A5E8-8D30E35458DF}"
EndProject
Global
	GlobalSection(SolutionConfigurationPlatforms) = preSolution
		Debug|Any CPU = Debug|Any CPU
		Release|Any CPU = Release|Any CPU
	EndGlobalSection
	GlobalSection(ProjectConfigurationPlatforms) = postSolution
		{B735BF69-213D-4BB4-A5E8-8D30E35458DF}.Debug|Any CPU.ActiveCfg = Debug|Any CPU
		{B735BF69-213D-4BB4-A5E8-8D30E35458DF}.Debug|Any CPU.Build.0 = Debug|Any CPU
		{B735BF69-213D-4BB4-A5E8-8D30E35458DF}.Release|Any CPU.ActiveCfg = Release|Any CPU
		{B735BF69-213D-4BB4-A5E8-8D30E35458DF}.Release|Any CPU.Build.0 = Release|Any CPU
	EndGlobalSection
	GlobalSection(SolutionProperties) = preSolution
		HideSolutionNode = FALSE
	EndGlobalSection
	GlobalSection(ExtensibilityGlobals) = postSolution
		SolutionGuid = {7BD332E6-65D6-42D9-8A54-785404736085}
	EndGlobalSection
EndGlobal
